
Microsoft Visual Studio Solution File, Format Version 12.00
# Visual Studio Version 17
VisualStudioVersion = 17.7.34031.279
MinimumVisualStudioVersion = 10.0.40219.1
Project("{FAE04EC0-301F-11D3-BF4B-00C04F79EFBC}") = "Respostas das questões 1, 3, 4.", "..\Respostas das questões 1, 3, 4\Respostas das questões 1, 3, 4\Respostas das questões 1, 3, 4..csproj", "{33EDB997-C979-4ABB-8491-7C3A8137B47C}"
EndProject
Global
	GlobalSection(SolutionConfigurationPlatforms) = preSolution
		Debug|Any CPU = Debug|Any CPU
		Release|Any CPU = Release|Any CPU
	EndGlobalSection
	GlobalSection(ProjectConfigurationPlatforms) = postSolution
		{33EDB997-C979-4ABB-8491-7C3A8137B47C}.Debug|Any CPU.ActiveCfg = Debug|Any CPU
		{33EDB997-C979-4ABB-8491-7C3A8137B47C}.Debug|Any CPU.Build.0 = Debug|Any CPU
		{33EDB997-C979-4ABB-8491-7C3A8137B47C}.Release|Any CPU.ActiveCfg = Release|Any CPU
		{33EDB997-C979-4ABB-8491-7C3A8137B47C}.Release|Any CPU.Build.0 = Release|Any CPU
	EndGlobalSection
	GlobalSection(SolutionProperties) = preSolution
		HideSolutionNode = FALSE
	EndGlobalSection
	GlobalSection(ExtensibilityGlobals) = postSolution
		SolutionGuid = {91448880-96A9-4F36-BAD1-0858F6FD94EE}
	EndGlobalSection
EndGlobal
